version = 1
revision = 3
requires-python = ">=3.11"
resolution-markers = [
    "python_full_version >= '3.12'",
    "python_full_version < '3.12'",
]

[[package]]
name = "colorama"
version = "0.4.6"
source = { registry = "https://pypi.org/simple" }
sdist = { url = "https://files.pythonhosted.org/packages/d8/53/6f443c9a4a8358a93a6792e2acffb9d9d5cb0a5cfd8802644b7b1c9a02e4/colorama-0.4.6.tar.gz", hash = "sha256:08695f5cb7ed6e0531a20572697297273c47b8cae5a63ffc6d6ed5c201be6e44", size = 27697, upload-time = "2022-10-25T02:36:22.414Z" }
wheels = [
    { url = "https://files.pythonhosted.org/packages/d1/d6/3965ed04c63042e047cb6a3e6ed1a63a35087b6a609aa3a15ed8ac56c221/colorama-0.4.6-py2.py3-none-any.whl", hash = "sha256:4f1d9991f5acc0ca119f9d443620b77f9d6b33703e51011c16baf57afb285fc6", size = 25335, upload-time = "2022-10-25T02:36:20.889Z" },
]

[[package]]
name = "iniconfig"
version = "2.3.0"
source = { registry = "https://pypi.org/simple" }
sdist = { url = "https://files.pythonhosted.org/packages/72/34/14ca021ce8e5dfedc35312d08ba8bf51fdd999c576889fc2c24cb97f4f10/iniconfig-2.3.0.tar.gz", hash = "sha256:c76315c77db068650d49c5b56314774a7804df16fee4402c1f19d6d15d8c4730", size = 20503, upload-time = "2025-10-18T21:55:43.219Z" }
wheels = [
    { url = "https://files.pythonhosted.org/packages/cb/b1/3846dd7f199d53cb17f49cba7e651e9ce294d8497c8c150530ed11865bb8/iniconfig-2.3.0-py3-none-any.whl", hash = "sha256:f631c04d2c48c52b84d0d0549c99ff3859c98df65b3101406327ecc7d53fbf12", size = 7484, upload-time = "2025-10-18T21:55:41.639Z" },
]

[[package]]
name = "media-shrink"
version = "0.1.0"
source = { editable = "." }
dependencies = [
    { name = "pillow" },
    { name = "pillow-heif" },
]

[package.optional-dependencies]
dev = [
    { name = "pytest" },
]

[package.metadata]
requires-dist = [
    { name = "pillow", specifier = ">=10.0" },
    { name = "pillow-heif", specifier = ">=1.3" },
    { name = "pytest", marker = "extra == 'dev'" },
]
provides-extras = ["dev"]

[[package]]
name = "packaging"
version = "26.3"
source = { registry = "https://pypi.org/simple" }
sdist = { url = "https://files.pythonhosted.org/packages/7d/fa/3944b40b07da9ce895c0e6303a5ab7d53da063554f534556b134a54d6093/packaging-26.3.tar.gz", hash = "sha256:94edc256424af38762eb31306eed28beb9f0efc50a8837492c9d6fd6004aed79", size = 313412, upload-time = "2026-08-04T18:15:28.737Z" }
wheels = [
    { url = "https://files.pythonhosted.org/packages/63/34/ba1c580383c9eada3711951fef0795c80b829a078d72188184bcab9dd527/packaging-26.3-py3-none-any.whl", hash = "sha256:d7193f7c8e4e93f444fde0262bf90af30e16fa0ad0ad44cb553c87339b23cd1c", size = 129956, upload-time = "2026-08-04T18:15:27.159Z" },
]

[[package]]
name = "pillow"
version = "12.3.0"
source = { registry = "https://pypi.org/simple" }
sdist = { url = "https://files.pythonhosted.org/packages/1c/3d/bb7fca845737cf9d7dbde16ed1843984665ff2e0a518f5db43e77ec540b9/pillow-12.3.0.tar.gz", hash = "sha256:3b8182a766685eaa002637e28b4ec8d6b18819a0c71f579bf0dbaa5830297cce", size = 47025035, upload-time = "2026-07-01T11:56:38.965Z" }
wheels = [
    { url = "https://files.pythonhosted.org/packages/fb/c8/0a78b0e02d7ac54bc03e5321c9220da52f0c2ea83b21f7c40e7f3169c502/pillow-12.3.0-cp311-cp311-macosx_10_10_x86_64.whl", hash = "sha256:00808c5e14ef63ac5161091d242999076604ff74b883423a11e5d7bbb38bf756", size = 5392415, upload-time = "2026-07-01T11:53:47.162Z" },
    { url = "https://files.pythonhosted.org/packages/b2/5b/a02d30018abd97ced9f5a6c63d28597694a00d066516b9c1c6de45859fc9/pillow-12.3.0-cp311-cp311-macosx_11_0_arm64.whl", hash = "sha256:37d6d0a00072fd2948eb22bce7e1475f34569d90c87c59f7a2ec59541b77f7a6", size = 4785266, upload-time = "2026-07-01T11:53:49.079Z" },
    { url = "https://files.pythonhosted.org/packages/c8/98/766667a4be768150a202836acd9fad19c06824ca86c4286d3cf6b274964e/pillow-12.3.0-cp311-cp311-manylinux_2_27_aarch64.manylinux_2_28_aarch64.whl", hash = "sha256:bcb46e2f9feff8d06323983bd83ed00c201fdcab3d74973e7072a889b3979fcd", size = 6263814, upload-time = "2026-07-01T11:53:51.32Z" },
    { url = "https://files.pythonhosted.org/packages/3b/2d/ede717bc1144f63886c21fd349bb95860b0d1a21149ff16f2bb362b612b6/pillow-12.3.0-cp311-cp311-manylinux_2_27_x86_64.manylinux_2_28_x86_64.whl", hash = "sha256:23d27a3e0307ec2244cc51e7287b919aa68d097504ebe19df4e76a98a3eea5bd", size = 6934408, upload-time = "2026-07-01T11:53:53.487Z" },
    { url = "https://files.pythonhosted.org/packages/a3/48/9c58b685e69d49c31af6c8eb9012055fab7e665785165c84796e2c73ce72/pillow-12.3.0-cp311-cp311-musllinux_1_2_aarch64.whl", hash = "sha256:4f883547d4b7f0495ebe7056b0cc2aea76094e7a4abc8e933540f3271df27d9c", size = 6337160, upload-time = "2026-07-01T11:53:55.457Z" },
    { url = "https://files.pythonhosted.org/packages/ff/fa/dc2a5c0ba6df93f67c31d34b808b7ce440b40cdbf96f0b81cde1d1e6fa93/pillow-12.3.0-cp311-cp311-musllinux_1_2_x86_64.whl", hash = "sha256:236ff70b9312fb68943c703aa842ca6a758abfa45ac187a5e7c1452e96ef72b5", size = 7045172, upload-time = "2026-07-01T11:53:57.736Z" },
    { url = "https://files.pythonhosted.org/packages/86/a5/444817a4d4c4c2417df00513086ca196f388d8f9ef40c2e4ccd1ad1af54b/pillow-12.3.0-cp311-cp311-win32.whl", hash = "sha256:10e41f0fbf1eec8cfd234b8fe17a4caac7c9d0db4c204d3c173a8f9f6ef3232b", size = 6472232, upload-time = "2026-07-01T11:53:59.767Z" },
    { url = "https://files.pythonhosted.org/packages/63/c6/4bad1b18d132a50b27e1365e1ab163616f7a5bb56d330f66f9d1d9d4f9d4/pillow-12.3.0-cp311-cp311-win_amd64.whl", hash = "sha256:8e95e1385e4998ae9694eeaa4730ba5457ff61185b3a55e2e7bea0880aef452a", size = 7233653, upload-time = "2026-07-01T11:54:02.066Z" },
    { url = "https://files.pythonhosted.org/packages/fd/16/00f91ab7760dc842f5aad55217e80fc4a7067a0604535249bc8a2d6d9870/pillow-12.3.0-cp311-cp311-win_arm64.whl", hash = "sha256:ebaea975e03d3141d9d3a507df75c9b3ec90fa9d2ffd07567b3a978d9d790b26", size = 2568195, upload-time = "2026-07-01T11:54:04.622Z" },
    { url = "https://files.pythonhosted.org/packages/37/bf/fb3ebff8ddcb76aac5a01389251bbbb9519922a9b520d8247c1ca864a25d/pillow-12.3.0-cp312-cp312-macosx_10_13_x86_64.whl", hash = "sha256:ba09209fbe443b4acccebe845d8a138b89a8f4fbaeedd44953490b5315d5e965", size = 5345969, upload-time = "2026-07-01T11:54:06.397Z" },
    { url = "https://files.pythonhosted.org/packages/d8/66/9a386a92561f402389a4fc70c18838bf6d35eb5eb5c6850b4b2dc64f5048/pillow-12.3.0-cp312-cp312-macosx_11_0_arm64.whl", hash = "sha256:ffd0c5368496f41b0944be820fcb7a838aa6e623d250b01acf2643939c3f99d7", size = 4780323, upload-time = "2026-07-01T11:54:09.351Z" },
    { url = "https://files.pythonhosted.org/packages/25/27/ac8f99618ffd3dde21db0f4d4b1d2ab00c0880595bfd17df103f7f39fd0c/pillow-12.3.0-cp312-cp312-manylinux_2_27_aarch64.manylinux_2_28_aarch64.whl", hash = "sha256:d9c7f76c0673154f044e9d78c8655fb4213f6ca31a836df48b40fe5d187717b9", size = 6266838, upload-time = "2026-07-01T11:54:11.71Z" },
    { url = "https://files.pythonhosted.org/packages/84/21/a35af28dcc61f37ed850a2d64c65c701321dfbf25085e469d5559360cbbf/pillow-12.3.0-cp312-cp312-manylinux_2_27_x86_64.manylinux_2_28_x86_64.whl", hash = "sha256:78cb2c6865a35ab8ff8b75fd122f6033b92a62c82801110e48ddd6c936a45d91", size = 6940830, upload-time = "2026-07-01T11:54:13.732Z" },
    { url = "https://files.pythonhosted.org/packages/eb/51/8b08617af3ad95e33ce6d7dd2c99ed6c8298f7fb131636303956be022e25/pillow-12.3.0-cp312-cp312-musllinux_1_2_aarch64.whl", hash = "sha256:e491916b378fba47242221bb9ead245211b70d504f495d105d17b14a24b4907c", size = 6344383, upload-time = "2026-07-01T11:54:15.756Z" },
    { url = "https://files.pythonhosted.org/packages/1d/72/cf78ac9780bb93c28328f408973845a309d4d145041665f734572ced1b52/pillow-12.3.0-cp312-cp312-musllinux_1_2_x86_64.whl", hash = "sha256:0dd2064cbc55aaec028ef5fbb60fa47bb6c3e7918e07ff17935284b227a9d2df", size = 7052934, upload-time = "2026-07-01T11:54:17.721Z" },
    { url = "https://files.pythonhosted.org/packages/20/20/25e0f4dc178a6bc0696793720055519a0de89e7661dae886992decbd2f81/pillow-12.3.0-cp312-cp312-win32.whl", hash = "sha256:dbce0b29841537a2fa4a214c2bbf14de3587c9680caa9b4e217568472490b28f", size = 6472684, upload-time = "2026-07-01T11:54:19.839Z" },
    { url = "https://files.pythonhosted.org/packages/45/89/da2f7971a317f83d807fdd4065c0af40208e59e692cc43d315a71a0e96d1/pillow-12.3.0-cp312-cp312-win_amd64.whl", hash = "sha256:a2b55dd6b2a4c4b7d87ffa56bdb33fdc5fdb9a462173861a7bc097f17d91cb09", size = 7227137, upload-time = "2026-07-01T11:54:22.025Z" },
    { url = "https://files.pythonhosted.org/packages/de/47/4845a0a6c0dbf1db8456bd9fc791f13c5ced7ced20606d08a0aacfd25b49/pillow-12.3.0-cp312-cp312-win_arm64.whl", hash = "sha256:331b624368d4f1d069149002f25f44bc61c8919ce8ddb3c45bdad8f6e2d89510", size = 2568267, upload-time = "2026-07-01T11:54:24.051Z" },
    { url = "https://files.pythonhosted.org/packages/9d/ac/31fb64e1e7efb5a4b50cd3d92049ba89ac6e4d8d3bb6a74e15048ca3353e/pillow-12.3.0-cp313-cp313-ios_13_0_arm64_iphoneos.whl", hash = "sha256:21900ce7ba264168cd50defae43cd75d25c833ad4ad6e73ffc5596d12e25ac89", size = 4161684, upload-time = "2026-07-01T11:54:25.934Z" },
    { url = "https://files.pythonhosted.org/packages/87/b4/9805e23d2b4d77842b468513841fda254ee42f0289d25088340e4ff46e2d/pillow-12.3.0-cp313-cp313-ios_13_0_arm64_iphonesimulator.whl", hash = "sha256:4e8c2a84d977f50b9daed6eeaf3baef67d00d5d74d932288f02cb94518ee3ace", size = 4255487, upload-time = "2026-07-01T11:54:27.935Z" },
    { url = "https://files.pythonhosted.org/packages/df/39/ecf519435a200c693fe053a6ee4d835b41cf963a4dfc2551c4e637cb2a71/pillow-12.3.0-cp313-cp313-ios_13_0_x86_64_iphonesimulator.whl", hash = "sha256:ae26d61dfa7a47befdc7572b521024e8745f3d809bd95ca9505a7bba9ef849ec", size = 3696433, upload-time = "2026-07-01T11:54:29.813Z" },
    { url = "https://files.pythonhosted.org/packages/42/92/2fc3ffad878ae8dd5469ec1bc8eb83b71f48e13efdf68f02709003982a32/pillow-12.3.0-cp313-cp313-macosx_10_13_x86_64.whl", hash = "sha256:7a743ff716f746fc19a9557f60dab1600d4613255f8a7aeb3cdde4db7eb15a66", size = 5345889, upload-time = "2026-07-01T11:54:31.97Z" },
    { url = "https://files.pythonhosted.org/packages/10/76/8803c13605b763d33d156c4678fc77f8443389c0c51c8aef707bb02015f4/pillow-12.3.0-cp313-cp313-macosx_11_0_arm64.whl", hash = "sha256:d69141514cc30b774ceea5e3ed3a6635c8d8a96edf664689b890f4089111fb35", size = 4780109, upload-time = "2026-07-01T11:54:34.026Z" },
    { url = "https://files.pythonhosted.org/packages/1f/01/e18aff37cb0b4aac47ac90f016d347a49aca667ef97f190b06ac2aabc928/pillow-12.3.0-cp313-cp313-manylinux_2_27_aarch64.manylinux_2_28_aarch64.whl", hash = "sha256:f7401aebd7f581d7f83a439d87d474999317ee099218e5ad25d125290990ba65", size = 6263736, upload-time = "2026-07-01T11:54:36.131Z" },
    { url = "https://files.pythonhosted.org/packages/f7/62/de5bdd77d935331f4f802edc11e4d82950f642caad6cb2f949837b8560e2/pillow-12.3.0-cp313-cp313-manylinux_2_27_x86_64.manylinux_2_28_x86_64.whl", hash = "sha256:0847a763afefb695bc912d7c131e7e0632d4edc1d8698f58ddabec8e46b8b6d3", size = 6937129, upload-time = "2026-07-01T11:54:38.216Z" },
    { url = "https://files.pythonhosted.org/packages/70/4d/105627a13300c5e0df1d174230b32fd1273062c96f7745fd552b945d1e1d/pillow-12.3.0-cp313-cp313-musllinux_1_2_aarch64.whl", hash = "sha256:571b9fcb07b97ef3a492028fb3d2dc0993ca23a06138b0315286566d29ef718a", size = 6339562, upload-time = "2026-07-01T11:54:40.354Z" },
    { url = "https://files.pythonhosted.org/packages/6b/1d/f13de01a553988ab895ba1c722e06cf3144d4f57656fd5b81b6d881f1179/pillow-12.3.0-cp313-cp313-musllinux_1_2_x86_64.whl", hash = "sha256:756c768d0c9c2955feb7a56c37ea24aea2e369f8d36a88da270b6a9f19e62b5e", size = 7049439, upload-time = "2026-07-01T11:54:42.489Z" },
    { url = "https://files.pythonhosted.org/packages/c9/f9/066794cca041b969964f779ee5fa66a9498bbf34248ac39c5d7954e4198f/pillow-12.3.0-cp313-cp313-win32.whl", hash = "sha256:a876864214e136f0eb367788dbd7df045f4806801518e2cfe9e13229cfe06d8f", size = 6473287, upload-time = "2026-07-01T11:54:44.9Z" },
    { url = "https://files.pythonhosted.org/packages/a6/9b/7a58e61d62be561da3a356fe2384d4059a6345fc130e23ef1c36a5b81d24/pillow-12.3.0-cp313-cp313-win_amd64.whl", hash = "sha256:1cca606cd25738df4ed873d5ad46bbdb3d83b5cbca291f6b4ff13a4df6b0bbe8", size = 7239691, upload-time = "2026-07-01T11:54:47.141Z" },
    { url = "https://files.pythonhosted.org/packages/aa/b0/c4ed4f0ef8f8fa5ee8351537db6650bb8189f7e118842978dd6589065692/pillow-12.3.0-cp313-cp313-win_arm64.whl", hash = "sha256:b629de27fda84b42cde7edef0d85f13b958b47f6e9bbcbba9b673c562a89bd8b", size = 2568185, upload-time = "2026-07-01T11:54:49.137Z" },
    { url = "https://files.pythonhosted.org/packages/dc/01/001f65b68192f0228cc1dbbc8d2530ab5d58b61037ba0587f946fea607cd/pillow-12.3.0-cp314-cp314-ios_13_0_arm64_iphoneos.whl", hash = "sha256:9cf95fe4d0f84c82d282745d9bb08ad9f926efa00be4697e767b814ce40d4330", size = 4161736, upload-time = "2026-07-01T11:54:51.156Z" },
    { url = "https://files.pythonhosted.org/packages/1a/d2/0219746d0fd16fc8a84498e79452375be3797d3ce4044596ce565164b84f/pillow-12.3.0-cp314-cp314-ios_13_0_arm64_iphonesimulator.whl", hash = "sha256:8728f216dcdb6e6d555cf971cb34076139ad74b31fc2c14da4fafc741c5f6217", size = 4255435, upload-time = "2026-07-01T11:54:53.414Z" },
    { url = "https://files.pythonhosted.org/packages/c8/02/8d0bc62ef0302318c46ff2a512822d2610e81c7aa46c9b3abe6cbaca5ad0/pillow-12.3.0-cp314-cp314-ios_13_0_x86_64_iphonesimulator.whl", hash = "sha256:a45650e8ce7fafffd731db8550230db6b0d306d181a90b67d3e6bca2f1990930", size = 3696262, upload-time = "2026-07-01T11:54:55.739Z" },
    { url = "https://files.pythonhosted.org/packages/85/e2/73c77d218410b14f5f2d565e8a998d5317b7b9c75368d29985139f7a46f0/pillow-12.3.0-cp314-cp314-macosx_10_15_x86_64.whl", hash = "sha256:ba54cfebe86920a559a7c4d6b9050791c20513650a1952ebe3368c7dc70306f8", size = 5350344, upload-time = "2026-07-01T11:54:57.657Z" },
    { url = "https://files.pythonhosted.org/packages/c7/da/32c752228ae345f489e3a42499d817b6c3996da7e8a3bc7a04fc806b243b/pillow-12.3.0-cp314-cp314-macosx_11_0_arm64.whl", hash = "sha256:e158cb00350dc278f3b91551101aa7d12415a66ebf2c91d8d5ac14e56ddd3ad0", size = 4780131, upload-time = "2026-07-01T11:54:59.713Z" },
    { url = "https://files.pythonhosted.org/packages/b1/9d/8b2c807dbef61a5197c047afe99823787eb66f63daf9fb2432f91d6f0462/pillow-12.3.0-cp314-cp314-manylinux_2_27_aarch64.manylinux_2_28_aarch64.whl", hash = "sha256:e9aeb04d6aef139de265b29683e119b638208f88cf73cdd1658aa07221165321", size = 6263757, upload-time = "2026-07-01T11:55:01.778Z" },
    { url = "https://files.pythonhosted.org/packages/5c/44/c85361f65dbe00eea8576ee467c768d25129989efb76e94f205e9ca9bb46/pillow-12.3.0-cp314-cp314-manylinux_2_27_x86_64.manylinux_2_28_x86_64.whl", hash = "sha256:251bf95b67017e27b13d82f5b326234ca62d70f9cf4c2b9032de2358a3b12c7b", size = 6936962, upload-time = "2026-07-01T11:55:03.93Z" },
    { url = "https://files.pythonhosted.org/packages/18/7e/e483414b35800b86b6f08dbbc7803fb5cd52c4d6f897f47d53ea2c7e6f65/pillow-12.3.0-cp314-cp314-musllinux_1_2_aarch64.whl", hash = "sha256:fe3cca2e4e8a592be0f269a1ca4835c25199d9f3ce815c8491048f785b0a0198", size = 6339171, upload-time = "2026-07-01T11:55:05.989Z" },
    { url = "https://files.pythonhosted.org/packages/f0/f4/68c491844841ede6bed70189546b3ee9731cf9f2cbad396faff5e1ccba45/pillow-12.3.0-cp314-cp314-musllinux_1_2_x86_64.whl", hash = "sha256:23aceaa007d6172b02c277f0cd359c79492bbb14f7072b4ede9fbcaf20648130", size = 7048116, upload-time = "2026-07-01T11:55:08.131Z" },
    { url = "https://files.pythonhosted.org/packages/a3/34/77f3f793fed8efc7d243f21b33c5a3f0d1c97ee70346d3db855587e155ff/pillow-12.3.0-cp314-cp314-win32.whl", hash = "sha256:af8d94b0db561cf68b88a267c5c44b49e134f525d0dc2cb7ed413a66bc23559a", size = 6467209, upload-time = "2026-07-01T11:55:10.408Z" },
    { url = "https://files.pythonhosted.org/packages/f1/e0/492879f69d94f91f60fc8cd05ba03650e9520afebb2fb7aa12777d7c7f38/pillow-12.3.0-cp314-cp314-win_amd64.whl", hash = "sha256:fdafc9cce40277e0f7a0feabce0ee50dd2fa1800f3b38015e51296b5e814048d", size = 7237707, upload-time = "2026-07-01T11:55:12.745Z" },
    { url = "https://files.pythonhosted.org/packages/c9/ac/6b11f2875f1c2ac040d84e1bbf9cf22a88038f901ca1037898b280b38365/pillow-12.3.0-cp314-cp314-win_arm64.whl", hash = "sha256:e91206ee562682b51b98ef4b26a6ef48fd84e15fd4c4bc5ec768eb641d206838", size = 2565995, upload-time = "2026-07-01T11:55:14.736Z" },
    { url = "https://files.pythonhosted.org/packages/52/69/c2208e56af9bfc1913afb24020297a691eb1d4ef688474c8a04913f65e04/pillow-12.3.0-cp314-cp314t-macosx_10_15_x86_64.whl", hash = "sha256:164b31cd1a0490ab6efae01aa5df49da7061be0af1b30e035b6e9a1bfe34ee6e", size = 5352503, upload-time = "2026-07-01T11:55:17.076Z" },
    { url = "https://files.pythonhosted.org/packages/07/70/e5686d753e898a45d778ff1718dba8516ead6ab6b95d85fc8c4b70650cf2/pillow-12.3.0-cp314-cp314t-macosx_11_0_arm64.whl", hash = "sha256:5afb51d599ea772b8365ae807ae557f18bccfe46ab261fd1c2a9ed700fc6eb17", size = 4782956, upload-time = "2026-07-01T11:55:19.448Z" },
    { url = "https://files.pythonhosted.org/packages/d5/37/25c6692f06927ee973ff18c8d9ee98ad0b4d84ee67a09610c2dd1447958e/pillow-12.3.0-cp314-cp314t-manylinux_2_27_aarch64.manylinux_2_28_aarch64.whl", hash = "sha256:3edce1d53195db527e0191f84b71d02022de0540bf43a16ed734ed7537b07385", size = 6322855, upload-time = "2026-07-01T11:55:21.613Z" },
    { url = "https://files.pythonhosted.org/packages/cc/91/420637fcb8f1bc11029e403b4538e6694744428d8246118e45719f944556/pillow-12.3.0-cp314-cp314t-manylinux_2_27_x86_64.manylinux_2_28_x86_64.whl", hash = "sha256:bf16ba1b4d0b6b7c8e534936632270cf70eb00dbe09005bc345b2677b726855c", size = 6989642, upload-time = "2026-07-01T11:55:24.006Z" },
    { url = "https://files.pythonhosted.org/packages/10/08/b94d7811281ccf0d143a1cf768d1c49e1e54af63e7b708ab2ee3eb87face/pillow-12.3.0-cp314-cp314t-musllinux_1_2_aarch64.whl", hash = "sha256:24870b09b224f7ae3c39ed07d10e819d06f8720bc551847b1d623832b5b0e28d", size = 6391281, upload-time = "2026-07-01T11:55:26.252Z" },
    { url = "https://files.pythonhosted.org/packages/d2/87/24233f785f55474dc02ce3e739c5528a77e3a862e9333d1dd7a25cc31f70/pillow-12.3.0-cp314-cp314t-musllinux_1_2_x86_64.whl", hash = "sha256:30f2aa603c41533cc25c05acd0da21636e84a315768feb631c937177db558931", size = 7096716, upload-time = "2026-07-01T11:55:28.318Z" },
    { url = "https://files.pythonhosted.org/packages/23/26/fcb2f6e37175b04f53570b59937867e2b80ee1685e744023153028fc14f9/pillow-12.3.0-cp314-cp314t-win32.whl", hash = "sha256:4b0a7fe987b14c31ebda6083f74f22b561fd3739bc0ac51e019622e3d72668c7", size = 6474125, upload-time = "2026-07-01T11:55:30.956Z" },
    { url = "https://files.pythonhosted.org/packages/90/de/3634abee5f1c9e13c56787b7d5517b0ba8d6de51700b95578cf338349c9f/pillow-12.3.0-cp314-cp314t-win_amd64.whl", hash = "sha256:962864dc93511324d51ddbb5b9f8731bf71675b93ca612a07441896f4688fb8c", size = 7242939, upload-time = "2026-07-01T11:55:34.044Z" },
    { url = "https://files.pythonhosted.org/packages/ce/2a/fd13f8eb24de5714a6eb444a3d67e2842c6c576e159a43793adf23051351/pillow-12.3.0-cp314-cp314t-win_arm64.whl", hash = "sha256:0740a512dc522224c77d9aa5a8d70d8b7d73fb91f2c21125d8d025d3b8990e45", size = 2567506, upload-time = "2026-07-01T11:55:35.988Z" },
    { url = "https://files.pythonhosted.org/packages/5d/dc/8fdce34ec725a33c81c6ba122b904d6b9024e50ea9ac7bede62fab54506c/pillow-12.3.0-cp315-cp315-ios_13_0_arm64_iphoneos.whl", hash = "sha256:0feb2e9d6ad6c9e3c06effe9d00f3f1e618a6643273576b016f591e9315a7139", size = 4162063, upload-time = "2026-07-01T11:55:37.941Z" },
    { url = "https://files.pythonhosted.org/packages/76/66/2044b9a63d3b84ff048228dfcb7cd9bf0df983e8470971bf7d4c57b693de/pillow-12.3.0-cp315-cp315-ios_13_0_arm64_iphonesimulator.whl", hash = "sha256:9e881fca225083806662a5c43d627d215f258ff43c890f831966c7d7ba9c7402", size = 4255549, upload-time = "2026-07-01T11:55:40.022Z" },
    { url = "https://files.pythonhosted.org/packages/52/7e/1f67e6f4ece6b582ee4b539decbcc9f848dc245a93ed8cd7338bafef72f1/pillow-12.3.0-cp315-cp315-ios_13_0_x86_64_iphonesimulator.whl", hash = "sha256:4998562bf62a445225f22e07c896bb04b35b1b1f2eb6d760584c9c51d7a5f78c", size = 3696331, upload-time = "2026-07-01T11:55:41.98Z" },
    { url = "https://files.pythonhosted.org/packages/12/40/d306fc2c8e4d45d7f175c77edca7063be7b86fe7fe6e68f4353bf71d808c/pillow-12.3.0-cp315-cp315-macosx_10_15_x86_64.whl", hash = "sha256:dc624f6bc473dacdf7ef7eb8678d0d08edf15cd94fad6ae5c7d6cc67a4e4902f", size = 5350370, upload-time = "2026-07-01T11:55:44.028Z" },
    { url = "https://files.pythonhosted.org/packages/dd/44/668fb1437e8ce420f62d6106eb66e44a5971602a4d794615bdf79315d82d/pillow-12.3.0-cp315-cp315-macosx_11_0_arm64.whl", hash = "sha256:71d6097b330eea8fd15097780c8e89cb1a8ce7838669f48c5bacd6f663dd4701", size = 4780147, upload-time = "2026-07-01T11:55:46.073Z" },
    { url = "https://files.pythonhosted.org/packages/0c/08/93fa2e70e30a2d81547e481b6ee2bb9522117221fb1e0ce4b5df70967677/pillow-12.3.0-cp315-cp315-manylinux_2_27_aarch64.manylinux_2_28_aarch64.whl", hash = "sha256:28ce87c5ab450a9dd970b52e5aca5fe63ed432d18a2eaddd1979a00a1ba24ace", size = 6273659, upload-time = "2026-07-01T11:55:48.264Z" },
    { url = "https://files.pythonhosted.org/packages/f8/6d/043e96ff814fc31a33077e4cba86082167db520c93632afdf2042febbb0c/pillow-12.3.0-cp315-cp315-manylinux_2_27_x86_64.manylinux_2_28_x86_64.whl", hash = "sha256:6b02afb9b97f65fbca5f31db6a2a3ba21aa93030225f150fa3f249717e938fb4", size = 6947439, upload-time = "2026-07-01T11:55:50.503Z" },
    { url = "https://files.pythonhosted.org/packages/af/92/ba71d2ee2ac0edf3fa33bd9d5ee9ee080da70b1766f3ca3934f9938ddac9/pillow-12.3.0-cp315-cp315-musllinux_1_2_aarch64.whl", hash = "sha256:1182d52bc2d5e5d7d0949503aa7e36d12f42205dc287e4883f407b1988820d39", size = 6353577, upload-time = "2026-07-01T11:55:52.697Z" },
    { url = "https://files.pythonhosted.org/packages/0f/ce/e63064e2122923ff687c8ad792d0d736a7b3920a56a46982e81a7fdd25d6/pillow-12.3.0-cp315-cp315-musllinux_1_2_x86_64.whl", hash = "sha256:e795b7eb908249c4e43c7c99fac7c2c75dab0c43566e37db472a355f63693d71", size = 7060394, upload-time = "2026-07-01T11:55:55.149Z" },
    { url = "https://files.pythonhosted.org/packages/54/76/a09cc3ccc8d773a7283d34c38bec1708f9e3cc932093cbc4c5e71ac4060b/pillow-12.3.0-cp315-cp315-win32.whl", hash = "sha256:57b3d78c95ba9059768b10e28b813002261d3f3dfc55cc48b0c988f625175827", size = 6467375, upload-time = "2026-07-01T11:55:57.769Z" },
    { url = "https://files.pythonhosted.org/packages/3e/03/1846c49ba3b1d5550392a4bbd06d6fb4578e1cd91a803198b5c90f5f7d53/pillow-12.3.0-cp315-cp315-win_amd64.whl", hash = "sha256:fa4ecea169a355be7a3ade2c783e2ed12f0e40d2c5621cda8b3297faf7fbb9f5", size = 7237048, upload-time = "2026-07-01T11:55:59.975Z" },
    { url = "https://files.pythonhosted.org/packages/fb/bb/89f35dcc79610423f9f195504d7def7f0d1416a711541b42867e25fe3412/pillow-12.3.0-cp315-cp315-win_arm64.whl", hash = "sha256:877c3f311ff35410f690861c4409e7ccbf0cd2f878e50628a28e5a0bb689e658", size = 2566006, upload-time = "2026-07-01T11:56:02.143Z" },
    { url = "https://files.pythonhosted.org/packages/30/88/707027ba09942dfa2c28759b5c222d769290a41c6d20ea60ec250801941f/pillow-12.3.0-cp315-cp315t-macosx_10_15_x86_64.whl", hash = "sha256:e9871b1ffbfa9656b60aeee92ed5136a5742696006fa322b29ea3d8da0ecc9cf", size = 5352509, upload-time = "2026-07-01T11:56:04.2Z" },
    { url = "https://files.pythonhosted.org/packages/b0/6d/00352fa25332c2569cd387851f568cc5a4b75a9adbfb37ac4fbce4c02eec/pillow-12.3.0-cp315-cp315t-macosx_11_0_arm64.whl", hash = "sha256:53aa02d20d10c3d814d536aa4e5ac9b84ca0ff5a88377963b085ad6822f93e64", size = 4783167, upload-time = "2026-07-01T11:56:06.631Z" },
    { url = "https://files.pythonhosted.org/packages/13/4f/9e049dfa21af7c22427275720e2490267ba8138120add5c4c574deb69782/pillow-12.3.0-cp315-cp315t-manylinux_2_27_aarch64.manylinux_2_28_aarch64.whl", hash = "sha256:446c34dcc4324b084a53b705127dc15717b22c5e140ae0a3c38349d4efec071e", size = 6329237, upload-time = "2026-07-01T11:56:08.868Z" },
    { url = "https://files.pythonhosted.org/packages/36/16/cf6eeaae8d0fce8dd390a33437cf68c5d5bd73834a2bc6e2f14efda0ab45/pillow-12.3.0-cp315-cp315t-manylinux_2_27_x86_64.manylinux_2_28_x86_64.whl", hash = "sha256:cf1845d02ad822a369a49f2bb9345b1614744267682e7a03527dc3bf6eea1777", size = 6997047, upload-time = "2026-07-01T11:56:11.379Z" },
    { url = "https://files.pythonhosted.org/packages/1e/69/dbf769bdd55f48bf5733cac28edc6364ffaa072ec9ba336266e4fe66be55/pillow-12.3.0-cp315-cp315t-musllinux_1_2_aarch64.whl", hash = "sha256:186941b6aef820ad110fb01fb06eb925374dc3a21b17e37ec9a53b250c6fe2d1", size = 6400440, upload-time = "2026-07-01T11:56:13.908Z" },
    { url = "https://files.pythonhosted.org/packages/a0/e1/ffc9cfc2eea0d178da8018e18e959301ad9d6bc9f3edb7181e748a474b97/pillow-12.3.0-cp315-cp315t-musllinux_1_2_x86_64.whl", hash = "sha256:f13c32a3abd6079a66d9526e18dad9b6d280384d49d7c54040cd57b6424041d9", size = 7105895, upload-time = "2026-07-01T11:56:16.575Z" },
    { url = "https://files.pythonhosted.org/packages/18/f0/a5595c1e8c3ae44b9828cb2f0fa8155e5095ef04d6327b8f61cf44a3df85/pillow-12.3.0-cp315-cp315t-win32.whl", hash = "sha256:1657923d2d45afb66526e5b933e5b3052e6bdea196c90d3abb2424e18c77dae8", size = 6474384, upload-time = "2026-07-01T11:56:18.855Z" },
    { url = "https://files.pythonhosted.org/packages/e4/04/62bcd9f844984c5938d3b05264a61d797a29d3e0812341a8204af70bbdee/pillow-12.3.0-cp315-cp315t-win_amd64.whl", hash = "sha256:8cd2f7bdda092d99c9fc2fb7391354f306d01443d22785d0cbfafa2e2c8bb418", size = 7243537, upload-time = "2026-07-01T11:56:21.214Z" },
    { url = "https://files.pythonhosted.org/packages/3d/68/1f3066acedf37673694a7141381d8f811ae97f30d34413d236abe7d489f1/pillow-12.3.0-cp315-cp315t-win_arm64.whl", hash = "sha256:06ff022112bc9cbf83b60f8e028d94ad87b60621706487e65f673de61610ab59", size = 2567491, upload-time = "2026-07-01T11:56:23.506Z" },
    { url = "https://files.pythonhosted.org/packages/75/18/2e8b40223153ccbc60df07f9e8928dc0c76202aa4e55ae9f53962b6510d6/pillow-12.3.0-pp311-pypy311_pp73-macosx_10_15_x86_64.whl", hash = "sha256:b3c777e849237620b022f7f297dd67705f9f5cf1685f09f02e46f93e92725468", size = 5302510, upload-time = "2026-07-01T11:56:25.736Z" },
    { url = "https://files.pythonhosted.org/packages/46/3e/51fabf59d5ab801ceab709453d3ab6b180083496579549de4c45ced6528a/pillow-12.3.0-pp311-pypy311_pp73-macosx_11_0_arm64.whl", hash = "sha256:b343699e8308bdc51978310e1c959c584e7869cc8c40780058c87da7781a1e94", size = 4736058, upload-time = "2026-07-01T11:56:28.041Z" },
    { url = "https://files.pythonhosted.org/packages/bf/20/22fe9384b7949e25fb1293bcfc84fb82590ff4ea6b37c95b24d26d793d86/pillow-12.3.0-pp311-pypy311_pp73-manylinux_2_27_aarch64.manylinux_2_28_aarch64.whl", hash = "sha256:fbd139c8447d25dd750ab79ee274cc5e1fe80fc56340ab10b18a195e1b6eca3e", size = 5237776, upload-time = "2026-07-01T11:56:30.263Z" },
    { url = "https://files.pythonhosted.org/packages/08/14/f6ba68107680ffa74b39985f3f30884e41318fbc4250caa423c79b4788bb/pillow-12.3.0-pp311-pypy311_pp73-manylinux_2_27_x86_64.manylinux_2_28_x86_64.whl", hash = "sha256:e7e480451b9fa137494bccd3a7d69adbe8ac65a87d97be61e11f1b1050a5bac3", size = 5860358, upload-time = "2026-07-01T11:56:32.68Z" },
    { url = "https://files.pythonhosted.org/packages/36/54/0169bc772ec491108b62f644f8ecf1fe5d8ae5ebafde2ee2142210166903/pillow-12.3.0-pp311-pypy311_pp73-win_amd64.whl", hash = "sha256:04f01d28a6aaff387bf842a13be313df23ba0597a44f1a976c9feb3c6ff4711a", size = 7231786, upload-time = "2026-07-01T11:56:35.046Z" },
]

[[package]]
name = "pillow-heif"
version = "1.5.0"
source = { registry = "https://pypi.org/simple" }
dependencies = [
    { name = "pillow" },
]
sdist = { url = "https://files.pythonhosted.org/packages/08/dc/6ab7a469ced899fbdbbc27b00067e4da02c21ff1ce7e9c6110f14e8fea6c/pillow_heif-1.5.0.tar.gz", hash = "sha256:16b11a37b762ff42da2d36527bb5cb14bd9194c24c389ee911155d6e23c53065", size = 17114105, upload-time = "2026-07-22T14:27:50.571Z" }
wheels = [
    { url = "https://files.pythonhosted.org/packages/42/ff/c9c74db32f93b890a9c90ee75e00e9a6e40f781417bc12acd1c1f0613c7a/pillow_heif-1.5.0-cp311-cp311-macosx_10_15_x86_64.whl", hash = "sha256:e07ad41fde21396c01b14f2f3026b26c85a4d8696e7b9514b6f43b29f9cc08fa", size = 4742816, upload-time = "2026-07-22T14:26:36.684Z" },
    { url = "https://files.pythonhosted.org/packages/34/f3/c3b63ff41ddd65bea40b0e1a176ae08c613e9948ca1a45afca10207dd19d/pillow_heif-1.5.0-cp311-cp311-macosx_11_0_arm64.whl", hash = "sha256:88d74a74b144c2e6e99e18e23a1637aef5f63ad32c718c8358da87ea81f94194", size = 4262190, upload-time = "2026-07-22T14:26:38.242Z" },
    { url = "https://files.pythonhosted.org/packages/9a/19/aa5c298a1b9dc41cfc0a846cfc10f1aaac9b72b9eb27abfc954575bb8929/pillow_heif-1.5.0-cp311-cp311-manylinux_2_26_aarch64.manylinux_2_28_aarch64.whl", hash = "sha256:fece01cccd4faccadc912760cdae3e3a87b66fc2bda36e44d3bff79549c83d1c", size = 6348002, upload-time = "2026-07-22T14:26:39.653Z" },
    { url = "https://files.pythonhosted.org/packages/84/69/a8f1a432263632db6e633d87a1658265b09a1760020cb7dc711490b871c6/pillow_heif-1.5.0-cp311-cp311-manylinux_2_27_x86_64.manylinux_2_28_x86_64.whl", hash = "sha256:85f7ada424aaf38d1a4592552c1340a04f1f0e3de30f6269514fbdc3f3b45bbb", size = 5602706, upload-time = "2026-07-22T14:26:41.241Z" },
    { url = "https://files.pythonhosted.org/packages/1d/f5/9b2a6d237f40adb7c7300de8b5c74df6292a358b155e78510ea3362162d0/pillow_heif-1.5.0-cp311-cp311-musllinux_1_2_aarch64.whl", hash = "sha256:fcdbac30cc1f10a89e6c6ce5ef92a539c34d03b1b68c536b092b8309c40cd02e", size = 7376030, upload-time = "2026-07-22T14:26:42.718Z" },
    { url = "https://files.pythonhosted.org/packages/07/f4/bedec2253833a385ce4425c3791a5a37e493aab93a27622471928751201e/pillow_heif-1.5.0-cp311-cp311-musllinux_1_2_x86_64.whl", hash = "sha256:6838ed3b88bb1a96db3079ec4fb7850c17a6a743b506f12a26217d7bbefa2731", size = 6634293, upload-time = "2026-07-22T14:26:45.084Z" },
    { url = "https://files.pythonhosted.org/packages/1a/b6/8d476b89c1e1da50a5f51eee44c2a18cab025e1dc12678ab0fe8ebadb1aa/pillow_heif-1.5.0-cp311-cp311-win_amd64.whl", hash = "sha256:d3cb8c18e5939839cf76a1617f4df5e0b497d1e3a8260b273590168e72d7f8f8", size = 6520153, upload-time = "2026-07-22T14:26:46.743Z" },
    { url = "https://files.pythonhosted.org/packages/0f/a9/813d6c8c6320bfbdde3f5ada81dc6db460a24589b38ba9dd33a62b7cab17/pillow_heif-1.5.0-cp311-cp311-win_arm64.whl", hash = "sha256:392dc2eba0e7eb526b3a5f475c25ee162a341c695f8db321c7c106c8724303fa", size = 3810987, upload-time = "2026-07-22T14:26:48.249Z" },
    { url = "https://files.pythonhosted.org/packages/b7/2c/6135e0f6d76d5c5e31dbeb8ea50a1c4f2f872122055bf5c2db714a772c1b/pillow_heif-1.5.0-cp312-cp312-macosx_10_15_x86_64.whl", hash = "sha256:115d538c6b4ebbf13dcbadfa5215ffe56365a0de10849ae3a75329d36bc04ee6", size = 4743136, upload-time = "2026-07-22T14:26:49.693Z" },
    { url = "https://files.pythonhosted.org/packages/23/3f/96c6143c006fa6188898c19cde2d131ca7f32f7f2d720514912d56cd29df/pillow_heif-1.5.0-cp312-cp312-macosx_11_0_arm64.whl", hash = "sha256:5f14cde17b9288a9cbabc59c98a5928c54150ab98e3577ef2e4fd9f77f524b61", size = 4264318, upload-time = "2026-07-22T14:26:51.163Z" },
    { url = "https://files.pythonhosted.org/packages/78/f9/05177861cec40bf8645e5194d5bac8a88b409f4c63a447298df7ecc2ef67/pillow_heif-1.5.0-cp312-cp312-manylinux_2_26_aarch64.manylinux_2_28_aarch64.whl", hash = "sha256:3a0e2b2966418cd2fb9a2b8427f60516980e3c9146ddf0a00e443f254d7ae291", size = 6346272, upload-time = "2026-07-22T14:26:52.746Z" },
    { url = "https://files.pythonhosted.org/packages/a8/70/5f9c81a022339914ea8b8370c284e3a4327d21dcf4242b9461baa44047dc/pillow_heif-1.5.0-cp312-cp312-manylinux_2_27_x86_64.manylinux_2_28_x86_64.whl", hash = "sha256:7c8032c6c2bddde009e703e045a0e17f7724925403982821ddd1a8d78559f28d", size = 5601930, upload-time = "2026-07-22T14:26:54.412Z" },
    { url = "https://files.pythonhosted.org/packages/68/91/ce4fbd148e76daeb147a50ed761dc43d7f7d4b95c4796182b6f36e408afa/pillow_heif-1.5.0-cp312-cp312-musllinux_1_2_aarch64.whl", hash = "sha256:36742b4f3f5bee57a90d9492b17ad0336b95ab7fc358172cfae144505433ac94", size = 7374394, upload-time = "2026-07-22T14:26:56.061Z" },
    { url = "https://files.pythonhosted.org/packages/20/5c/32af6c25df15783a068b524648a83f854abddcd681155b6320737875c144/pillow_heif-1.5.0-cp312-cp312-musllinux_1_2_x86_64.whl", hash = "sha256:c5533c061cfef1ed508137bb7303093ef7b3b1ea045c70a778554f6d551ed540", size = 6633463, upload-time = "2026-07-22T14:26:57.722Z" },
    { url = "https://files.pythonhosted.org/packages/eb/14/0a73f6d2605a20d32bbf7d20ee033d103b49215957d0330f09c64b3d0e19/pillow_heif-1.5.0-cp312-cp312-win_amd64.whl", hash = "sha256:9aa2cdc94d8d0b26dd3c16c3421273eb394c24e708899d8740dc314904ea0453", size = 6520223, upload-time = "2026-07-22T14:26:59.31Z" },
    { url = "https://files.pythonhosted.org/packages/fd/2c/102cfc58546ce2c00c312174ebc14d89efae8670f5c4f3c6bbe2e4f23197/pillow_heif-1.5.0-cp312-cp312-win_arm64.whl", hash = "sha256:901121ed12b15bd1451e70ba7fca0233990ba958ec9c6f8751838402e69e1078", size = 3811009, upload-time = "2026-07-22T14:27:00.853Z" },
    { url = "https://files.pythonhosted.org/packages/33/92/502ae6bebaf1fc48850f690858040932fb6fe0bd0de25b5e715df2517d14/pillow_heif-1.5.0-cp313-cp313-macosx_10_15_x86_64.whl", hash = "sha256:b736040d566271143c09bf87967549daf3d3090e9b4283ca2076c3383ab141d8", size = 4743134, upload-time = "2026-07-22T14:27:02.444Z" },
    { url = "https://files.pythonhosted.org/packages/e3/4f/a9f2e1525655c93e9b72cec3792a41f7d732222dad1d329fa04c227cbe28/pillow_heif-1.5.0-cp313-cp313-macosx_11_0_arm64.whl", hash = "sha256:a6d7c9dd6f490c433267ab9b66b63961e59a4c04c9d0e38ba66e4b6664d5e7d8", size = 4264310, upload-time = "2026-07-22T14:27:04.13Z" },
    { url = "https://files.pythonhosted.org/packages/7f/27/5f901b1d69d641b3b4e99aae6b3cbebe0cfa53188517ca7c79f86f86d4eb/pillow_heif-1.5.0-cp313-cp313-manylinux_2_26_aarch64.manylinux_2_28_aarch64.whl", hash = "sha256:cdada8d4cd5886c9ec5454b907290c4cbd420809afbf2c251120f73ba2ee1d12", size = 6346291, upload-time = "2026-07-22T14:27:05.547Z" },
    { url = "https://files.pythonhosted.org/packages/b7/7e/72c9fd99a74c82b08df3690077141bd16f1c9c7a3b3cd1c30e6fec4eb4a5/pillow_heif-1.5.0-cp313-cp313-manylinux_2_27_x86_64.manylinux_2_28_x86_64.whl", hash = "sha256:e87c9a51ee973b5c1896beba74ddf9b58417f5b8a52d021b493f3ef6257c5f90", size = 5601975, upload-time = "2026-07-22T14:27:07.252Z" },
    { url = "https://files.pythonhosted.org/packages/82/ff/be2b42f3aa4ec040fca5a2bab8bac6b611d39b7a3c69c185c85ae8537a6d/pillow_heif-1.5.0-cp313-cp313-musllinux_1_2_aarch64.whl", hash = "sha256:ff580e1453bcf3d4965dbbfa00bfabef7784a51214413a344ce2eb652a81a987", size = 7374392, upload-time = "2026-07-22T14:27:08.804Z" },
    { url = "https://files.pythonhosted.org/packages/b7/34/047aba6e860dbe8e32dc948d5ed707c921168769d34379b24956322fb4c3/pillow_heif-1.5.0-cp313-cp313-musllinux_1_2_x86_64.whl", hash = "sha256:2cfa3761cf4fe43ee4b909963f87f05bac925d7bcff7016802f02a26574fb11e", size = 6633487, upload-time = "2026-07-22T14:27:10.815Z" },
    { url = "https://files.pythonhosted.org/packages/46/0e/4b463d7183ee45624fc822f22501feb4b772e5667377d2f981a31c08310a/pillow_heif-1.5.0-cp313-cp313-win_amd64.whl", hash = "sha256:139f95d1052954804b349089deb91c55ecfe344a7a21ef46c961778a45a17589", size = 6520219, upload-time = "2026-07-22T14:27:12.642Z" },
    { url = "https://files.pythonhosted.org/packages/b8/ce/e69cd5b9aea6e75e361d3d3a98201bb7eab31455b07a5b1fc8ec570ab2c1/pillow_heif-1.5.0-cp313-cp313-win_arm64.whl", hash = "sha256:c6156bee6f69797a782d8ca373536dac4a7e0d4f793c9842f6bd09669fe4da0f", size = 3811013, upload-time = "2026-07-22T14:27:14.211Z" },
    { url = "https://files.pythonhosted.org/packages/67/51/9b5a9352b86b7d82ad62969a84e3b4f998f6b5dc0320cec3e2d54d74d754/pillow_heif-1.5.0-cp314-cp314-macosx_10_15_x86_64.whl", hash = "sha256:8d96783ca1648ba8384e66b888128ca3a48d769c0e3593acf84c40ce0c791629", size = 4743156, upload-time = "2026-07-22T14:27:15.721Z" },
    { url = "https://files.pythonhosted.org/packages/2a/10/dc89bec0edf37df5d7609d76ce125a2f8d1e901b2d34944d64d05f497bef/pillow_heif-1.5.0-cp314-cp314-macosx_11_0_arm64.whl", hash = "sha256:5c50626e77510f38cb11aacb3b4bba56eff17ce39a9d85b7ee210bd81387a083", size = 4264368, upload-time = "2026-07-22T14:27:17.198Z" },
    { url = "https://files.pythonhosted.org/packages/cf/54/837e9077784df4a0ba69d3e76e9f29a4e52929c84f0e1b0d29a13437a5cc/pillow_heif-1.5.0-cp314-cp314-manylinux_2_26_aarch64.manylinux_2_28_aarch64.whl", hash = "sha256:4fb15135733626ee3fd4d7104bde1e54d4370f9f8b697a5d239b8b552b73fc7b", size = 6346432, upload-time = "2026-07-22T14:27:18.55Z" },
    { url = "https://files.pythonhosted.org/packages/2b/90/42f392c0513bf351ba2bca1350c457b0d7bd94f12d0e5fa74d7a9deae336/pillow_heif-1.5.0-cp314-cp314-manylinux_2_27_x86_64.manylinux_2_28_x86_64.whl", hash = "sha256:646ddad98c8f9c5e637dbb84b6b7db905e565994e9fd6a496a36adff36ae28b3", size = 5602088, upload-time = "2026-07-22T14:27:20.112Z" },
    { url = "https://files.pythonhosted.org/packages/cb/4d/8070974a2e695f83fb10883b7d83c3eda635561f99993623bf111a55a984/pillow_heif-1.5.0-cp314-cp314-musllinux_1_2_aarch64.whl", hash = "sha256:b9803c1291c7c598134f16016a071ec8d9dce268ab1806c8541450c4e3972893", size = 7374543, upload-time = "2026-07-22T14:27:22.08Z" },
    { url = "https://files.pythonhosted.org/packages/4a/78/9a5abfb163b0fb44a4f624146de142ba4887e5011f965442af2c997db6bc/pillow_heif-1.5.0-cp314-cp314-musllinux_1_2_x86_64.whl", hash = "sha256:1ad925299422d4592e4b5344c03e25b27dc7a5130447603a89404d7d138b746c", size = 6633558, upload-time = "2026-07-22T14:27:23.97Z" },
    { url = "https://files.pythonhosted.org/packages/7d/bc/7bae1c1efcec25dfdca950fe1a10cd723c544269db73203019e965394015/pillow_heif-1.5.0-cp314-cp314-win_amd64.whl", hash = "sha256:cfd5f8a8a7b65f2ded217c5bde4dd9365b6b67187657a121b05224841a1b92c0", size = 6703549, upload-time = "2026-07-22T14:27:25.504Z" },
    { url = "https://files.pythonhosted.org/packages/74/8d/fff074683f96eb004d7159228d2fc9e2e9fe8afd899d53aa695c622487d8/pillow_heif-1.5.0-cp314-cp314-win_arm64.whl", hash = "sha256:6759febf63ea31fd00756e4a828cd643d0b9f98c93f5814b0ce5baa036da50e4", size = 4017234, upload-time = "2026-07-22T14:27:27.443Z" },
    { url = "https://files.pythonhosted.org/packages/57/04/fa5727a62b2fc37b611c7a172fc10c6719530d27bc9126de8456fac69346/pillow_heif-1.5.0-cp314-cp314t-macosx_10_15_x86_64.whl", hash = "sha256:e2c3f47eac33d8368ea5779eb7bd8c736e7048b5897474d7e1799c073c9505e3", size = 4744030, upload-time = "2026-07-22T14:27:29.047Z" },
    { url = "https://files.pythonhosted.org/packages/4c/6f/afaccf55774c1084e5beba83f0ac201d315096f6a95d003696376184a7a3/pillow_heif-1.5.0-cp314-cp314t-macosx_11_0_arm64.whl", hash = "sha256:d0881c82752d676fbe054cb0258100790ead94946fbb075ffa041bb9ae579b11", size = 4265061, upload-time = "2026-07-22T14:27:30.703Z" },
    { url = "https://files.pythonhosted.org/packages/f7/a6/c90f9fffd5cb56e213753f22a9a955525d5ad99816481ae2392ab6c7ccd8/pillow_heif-1.5.0-cp314-cp314t-manylinux_2_26_aarch64.manylinux_2_28_aarch64.whl", hash = "sha256:d5810606f70d3432b55987a5e44aa26fb7598fea565d8645b017f7ed935f5e99", size = 6351671, upload-time = "2026-07-22T14:27:32.231Z" },
    { url = "https://files.pythonhosted.org/packages/74/b3/e15933817e71b9fcd8865e3b64171995ed26f5ca329bf4d03f3571213c52/pillow_heif-1.5.0-cp314-cp314t-manylinux_2_27_x86_64.manylinux_2_28_x86_64.whl", hash = "sha256:e737d326410e733868566c045f651b5371086a4ec294c40d39e129481d024bef", size = 5606028, upload-time = "2026-07-22T14:27:34.213Z" },
    { url = "https://files.pythonhosted.org/packages/f5/55/2665f6c781b90bb5a25595c58ede1955125f0ad2c7d81bf3c153c9e9c9d8/pillow_heif-1.5.0-cp314-cp314t-musllinux_1_2_aarch64.whl", hash = "sha256:522719e5dd56eae6f9f48828c08eefe0e5c02dd92f5a07780e6f3c04bdbcf880", size = 7379667, upload-time = "2026-07-22T14:27:35.883Z" },
    { url = "https://files.pythonhosted.org/packages/54/77/0f0487b9f6cb1f5dff629b42ad08a7ae1997886048c4c2671e17079ad5d6/pillow_heif-1.5.0-cp314-cp314t-musllinux_1_2_x86_64.whl", hash = "sha256:f1d281b2efee954ef78c0a473a41498d0548a32290d7250b4879ddd2480dffb8", size = 6637581, upload-time = "2026-07-22T14:27:37.67Z" },
    { url = "https://files.pythonhosted.org/packages/8a/b7/c65adbcab1b1c99c886c55b97b144b3092c432e7b0fedb91501c479cebe4/pillow_heif-1.5.0-cp314-cp314t-win_amd64.whl", hash = "sha256:65b3d619cea2d1f758cd039cddb331cb44d63768c355606ea9100cfee4421eb4", size = 6704174, upload-time = "2026-07-22T14:27:39.32Z" },
    { url = "https://files.pythonhosted.org/packages/17/53/2a52f64f399717adae560068e9b0ae12ae3e43be2c64991e246af5aedc3f/pillow_heif-1.5.0-cp314-cp314t-win_arm64.whl", hash = "sha256:508fc9dd8fb4df933b666c30b60b0930270d9e072fcd90b75990166050e44656", size = 4017728, upload-time = "2026-07-22T14:27:41.102Z" },
    { url = "https://files.pythonhosted.org/packages/f5/67/d710e1ee10ddbe748e9df5aef1df591123468616a40fada56569de0f2518/pillow_heif-1.5.0-pp311-pypy311_pp73-macosx_10_15_x86_64.whl", hash = "sha256:563dd2cf45325944fb8d405f14c2876dc5e18e85a94dfafcd474579400010651", size = 4731076, upload-time = "2026-07-22T14:27:42.582Z" },
    { url = "https://files.pythonhosted.org/packages/a4/a2/4259389bff87df8ea5d51f4399016e75171325dc2c21d5fd8ffd4bb9cebe/pillow_heif-1.5.0-pp311-pypy311_pp73-macosx_11_0_arm64.whl", hash = "sha256:e402f7a6f3c3d8352e773562d35525b13ba1e9372ff660034754dd65c52ce463", size = 4261485, upload-time = "2026-07-22T14:27:44.235Z" },
    { url = "https://files.pythonhosted.org/packages/d6/38/e00160ffb328b639f2182b308c94a3f55123a115127a82a6aea25d51eb03/pillow_heif-1.5.0-pp311-pypy311_pp73-manylinux_2_26_aarch64.manylinux_2_28_aarch64.whl", hash = "sha256:9f8289a54b6109268ed3a518970eecf9c834d76ee2af5aa489051a0ed4d3d462", size = 6303812, upload-time = "2026-07-22T14:27:45.68Z" },
    { url = "https://files.pythonhosted.org/packages/12/1f/a64b73c8c8eac669e04d4769d6ed76507a80be1c20634adbd5579dbdee00/pillow_heif-1.5.0-pp311-pypy311_pp73-manylinux_2_27_x86_64.manylinux_2_28_x86_64.whl", hash = "sha256:920ea2d3a88dc115d58bd792ef3e89be98f01d68ccd144efcbffc5d4a683aba7", size = 5555237, upload-time = "2026-07-22T14:27:47.297Z" },
    { url = "https://files.pythonhosted.org/packages/db/f6/4d85fc3a81cbb2969f485fe3dd165677574080a25f7160245cd4cae73998/pillow_heif-1.5.0-pp311-pypy311_pp73-win_amd64.whl", hash = "sha256:6aa53c40d9aa1d7433b35823a8cd13463e057b2106919fec40cea14967548bd1", size = 6520559, upload-time = "2026-07-22T14:27:48.904Z" },
]

[[package]]
name = "pluggy"
version = "1.6.0"
source = { registry = "https://pypi.org/simple" }
sdist = { url = "https://files.pythonhosted.org/packages/f9/e2/3e91f31a7d2b083fe6ef3fa267035b518369d9511ffab804f839851d2779/pluggy-1.6.0.tar.gz", hash = "sha256:7dcc130b76258d33b90f61b658791dede3486c3e6bfb003ee5c9bfb396dd22f3", size = 69412, upload-time = "2025-05-15T12:30:07.975Z" }
wheels = [
    { url = "https://files.pythonhosted.org/packages/54/20/4d324d65cc6d9205fabedc306948156824eb9f0ee1633355a8f7ec5c66bf/pluggy-1.6.0-py3-none-any.whl", hash = "sha256:e920276dd6813095e9377c0bc5566d94c932c33b27a3e3945d8389c374dd4746", size = 20538, upload-time = "2025-05-15T12:30:06.134Z" },
]

[[package]]
name = "pygments"
version = "2.20.0"
source = { registry = "https://pypi.org/simple" }
sdist = { url = "https://files.pythonhosted.org/packages/c3/b2/bc9c9196916376152d655522fdcebac55e66de6603a76a02bca1b6414f6c/pygments-2.20.0.tar.gz", hash = "sha256:6757cd03768053ff99f3039c1a36d6c0aa0b263438fcab17520b30a303a82b5f", size = 4955991, upload-time = "2026-03-29T13:29:33.898Z" }
wheels = [
    { url = "https://files.pythonhosted.org/packages/f4/7e/a72dd26f3b0f4f2bf1dd8923c85f7ceb43172af56d63c7383eb62b332364/pygments-2.20.0-py3-none-any.whl", hash = "sha256:81a9e26dd42fd28a23a2d169d86d7ac03b46e2f8b59ed4698fb4785f946d0176", size = 1231151, upload-time = "2026-03-29T13:29:30.038Z" },
]

[[package]]
name = "pytest"
version = "9.1.1"
source = { registry = "https://pypi.org/simple" }
dependencies = [
    { name = "colorama", marker = "sys_platform == 'win32'" },
    { name = "iniconfig" },
    { name = "packaging" },
    { name = "pluggy" },
    { name = "pygments" },
]
sdist = { url = "https://files.pythonhosted.org/packages/e4/47/b9efed96c114afcfa3c9d3fe98a76a1d14c74a9e266d397cf6eb64be5e01/pytest-9.1.1.tar.gz", hash = "sha256:1088fbde8f2b49d95a549a195707afa7a76a3ce9bcadc26b6d71f0ffda5fe313", size = 1636369, upload-time = "2026-06-19T10:58:32.857Z" }
wheels = [
    { url = "https://files.pythonhosted.org/packages/24/25/1de2678b631f5a49215c6c96fff41ba892b0a34df68d6d80292b1b48aa7f/pytest-9.1.1-py3-none-any.whl", hash = "sha256:37a86b45efb9a47a61a36449063e8e18d0cab3161329fc099eb21783169c4f0c", size = 386536, upload-time = "2026-06-19T10:58:31.347Z" },
]
